
Microsoft Visual Studio Solution File, Format Version 12.00
# Visual Studio Version 17
VisualStudioVersion = 17.14.35821.62
MinimumVisualStudioVersion = 10.0.40219.1
Project("{FAE04EC0-301F-11D3-BF4B-00C04F79EFBC}") = "Monet.Shared", "Monet.Shared\Monet.Shared.csproj", "{0FCAC1E3-E5F4-47DD-A7BD-B0E68180B750}"
EndProject
Project("{FAE04EC0-301F-11D3-BF4B-00C04F79EFBC}") = "Monet.Sample.Avalonia", "Monet.Sample.Avalonia\Monet.Sample.Avalonia.csproj", "{58AA71E6-9298-451B-9497-2B54BE4CF6D4}"
EndProject
Global
	GlobalSection(SolutionConfigurationPlatforms) = preSolution
		Debug|Any CPU = Debug|Any CPU
		Release|Any CPU = Release|Any CPU
	EndGlobalSection
	GlobalSection(ProjectConfigurationPlatforms) = postSolution
		{0FCAC1E3-E5F4-47DD-A7BD-B0E68180B750}.Debug|Any CPU.ActiveCfg = Debug|Any CPU
		{0FCAC1E3-E5F4-47DD-A7BD-B0E68180B750}.Debug|Any CPU.Build.0 = Debug|Any CPU
		{0FCAC1E3-E5F4-47DD-A7BD-B0E68180B750}.Release|Any CPU.ActiveCfg = Release|Any CPU
		{0FCAC1E3-E5F4-47DD-A7BD-B0E68180B750}.Release|Any CPU.Build.0 = Release|Any CPU
		{58AA71E6-9298-451B-9497-2B54BE4CF6D4}.Debug|Any CPU.ActiveCfg = Debug|Any CPU
		{58AA71E6-9298-451B-9497-2B54BE4CF6D4}.Debug|Any CPU.Build.0 = Debug|Any CPU
		{58AA71E6-9298-451B-9497-2B54BE4CF6D4}.Release|Any CPU.ActiveCfg = Release|Any CPU
		{58AA71E6-9298-451B-9497-2B54BE4CF6D4}.Release|Any CPU.Build.0 = Release|Any CPU
	EndGlobalSection
	GlobalSection(SolutionProperties) = preSolution
		HideSolutionNode = FALSE
	EndGlobalSection
	GlobalSection(ExtensibilityGlobals) = postSolution
		SolutionGuid = {4F1F354D-84B8-43E7-BC93-33F3EAF9AEC9}
	EndGlobalSection
EndGlobal
